// !$*UTF8*$!
{
	archiveVersion = 1;
	classes = {
	};
	objectVersion = 50;
	objects = {

/* Begin PBXBuildFile section */
		2AAC822523FD6CAF003D3A77 /* AppDelegate.swift in Sources */ = {isa = PBXBuildFile; fileRef = 2AAC822423FD6CAF003D3A77 /* AppDelegate.swift */; };
		2AAC822723FD6CAF003D3A77 /* SceneDelegate.swift in Sources */ = {isa = PBXBuildFile; fileRef = 2AAC822623FD6CAF003D3A77 /* SceneDelegate.swift */; };
		2AAC822923FD6CAF003D3A77 /* ViewController.swift in Sources */ = {isa = PBXBuildFile; fileRef = 2AAC822823FD6CAF003D3A77 /* ViewController.swift */; };
		2AAC822C23FD6CAF003D3A77 /* Main.storyboard in Resources */ = {isa = PBXBuildFile; fileRef = 2AAC822A23FD6CAF003D3A77 /* Main.storyboard */; };
		2AAC822E23FD6CB0003D3A77 /* Assets.xcassets in Resources */ = {isa = PBXBuildFile; fileRef = 2AAC822D23FD6CB0003D3A77 /* Assets.xcassets */; };
		2AAC823123FD6CB0003D3A77 /* LaunchScreen.storyboard in Resources */ = {isa = PBXBuildFile; fileRef = 2AAC822F23FD6CB0003D3A77 /* LaunchScreen.storyboard */; };
/* End PBXBuildFile section */

/* Begin PBXFileReference section */
		2AAC822123FD6CAF003D3A77 /* DataBase_Realm.app */ = {isa = PBXFileReference; explicitFileType = wrapper.application; includeInIndex = 0; path = DataBase_Realm.app; sourceTree = BUILT_PRODUCTS_DIR; };
		2AAC822423FD6CAF003D3A77 /* AppDelegate.swift */ = {isa = PBXFileReference; lastKnownFileType = sourcecode.swift; path = AppDelegate.swift; sourceTree = "<group>"; };
		2AAC822623FD6CAF003D3A77 /* SceneDelegate.swift */ = {isa = PBXFileReference; lastKnownFileType = sourcecode.swift; path = SceneDelegate.swift; sourceTree = "<group>"; };
		2AAC822823FD6CAF003D3A77 /* ViewController.swift */ = {isa = PBXFileReference; lastKnownFileType = sourcecode.swift; path = ViewController.swift; sourceTree = "<group>"; };
		2AAC822B23FD6CAF003D3A77 /* Base */ = {isa = PBXFileReference; lastKnownFileType = file.storyboard; name = Base; path = Base.lproj/Main.storyboard; sourceTree = "<group>"; };
		2AAC822D23FD6CB0003D3A77 /* Assets.xcassets */ = {isa = PBXFileReference; lastKnownFileType = folder.assetcatalog; path = Assets.xcassets; sourceTree = "<group>"; };
		2AAC823023FD6CB0003D3A77 /* Base */ = {isa = PBXFileReference; lastKnownFileType = file.storyboard; name = Base; path = Base.lproj/LaunchScreen.storyboard; sourceTree = "<group>"; };
		2AAC823223FD6CB0003D3A77 /* Info.plist */ = {isa = PBXFileReference; lastKnownFileType = text.plist.xml; path = Info.plist; sourceTree = "<group>"; };
/* End PBXFileReference section */

/* Begin PBXFrameworksBuildPhase section */
		2AAC821E23FD6CAF003D3A77 /* Frameworks */ = {
			isa = PBXFrameworksBuildPhase;
			buildActionMask = 2147483647;
			files = (
			);
			runOnlyForDeploymentPostprocessing = 0;
		};
/* End PBXFrameworksBuildPhase section */

/* Begin PBXGroup section */
		2AAC821823FD6CAF003D3A77 = {
			isa = PBXGroup;
			children = (
				2AAC822323FD6CAF003D3A77 /* DataBase_Realm */,
				2AAC822223FD6CAF003D3A77 /* Products */,
			);
			sourceTree = "<group>";
		};
		2AAC822223FD6CAF003D3A77 /* Products */ = {
			isa = PBXGroup;
			children = (
				2AAC822123FD6CAF003D3A77 /* DataBase_Realm.app */,
			);
			name = Products;
			sourceTree = "<group>";
		};
		2AAC822323FD6CAF003D3A77 /* DataBase_Realm */ = {
			isa = PBXGroup;
			children = (
				2AAC822423FD6CAF003D3A77 /* AppDelegate.swift */,
				2AAC822623FD6CAF003D3A77 /* SceneDelegate.swift */,
				2AAC822823FD6CAF003D3A77 /* ViewController.swift */,
				2AAC822A23FD6CAF003D3A77 /* Main.storyboard */,
				2AAC822D23FD6CB0003D3A77 /* Assets.xcassets */,
				2AAC822F23FD6CB0003D3A77 /* LaunchScreen.storyboard */,
				2AAC823223FD6CB0003D3A77 /* Info.plist */,
			);
			path = DataBase_Realm;
			sourceTree = "<group>";
		};
/* End PBXGroup section */

/* Begin PBXNativeTarget section */
		2AAC822023FD6CAF003D3A77 /* DataBase_Realm */ = {
			isa = PBXNativeTarget;
			buildConfigurationList = 2AAC823523FD6CB0003D3A77 /* Build configuration list for PBXNativeTarget "DataBase_Realm" */;
			buildPhases = (
				2AAC821D23FD6CAF003D3A77 /* Sources */,
				2AAC821E23FD6CAF003D3A77 /* Frameworks */,
				2AAC821F23FD6CAF003D3A77 /* Resources */,
			);
			buildRules = (
			);
			dependencies = (
			);
			name = DataBase_Realm;
			productName = DataBase_Realm;
			productReference = 2AAC822123FD6CAF003D3A77 /* DataBase_Realm.app */;
			productType = "com.apple.product-type.application";
		};
/* End PBXNativeTarget section */

/* Begin PBXProject section */
		2AAC821923FD6CAF003D3A77 /* Project object */ = {
			isa = PBXProject;
			attributes = {
				LastSwiftUpdateCheck = 1130;
				LastUpgradeCheck = 1130;
				ORGANIZATIONNAME = "Михаил Любачев";
				TargetAttributes = {
					2AAC822023FD6CAF003D3A77 = {
						CreatedOnToolsVersion = 11.3.1;
					};
				};
			};
			buildConfigurationList = 2AAC821C23FD6CAF003D3A77 /* Build configuration list for PBXProject "DataBase_Realm" */;
			compatibilityVersion = "Xcode 9.3";
			developmentRegion = en;
			hasScannedForEncodings = 0;
			knownRegions = (
				en,
				Base,
			);
			mainGroup = 2AAC821823FD6CAF003D3A77;
			productRefGroup = 2AAC822223FD6CAF003D3A77 /* Products */;
			projectDirPath = "";
			projectRoot = "";
			targets = (
				2AAC822023FD6CAF003D3A77 /* DataBase_Realm */,
			);
		};
/* End PBXProject section */

/* Begin PBXResourcesBuildPhase section */
		2AAC821F23FD6CAF003D3A77 /* Resources */ = {
			isa = PBXResourcesBuildPhase;
			buildActionMask = 2147483647;
			files = (
				2AAC823123FD6CB0003D3A77 /* LaunchScreen.storyboard in Resources */,
				2AAC822E23FD6CB0003D3A77 /* Assets.xcassets in Resources */,
				2AAC822C23FD6CAF003D3A77 /* Main.storyboard in Resources */,
			);
			runOnlyForDeploymentPostprocessing = 0;
		};
/* End PBXResourcesBuildPhase section */

/* Begin PBXSourcesBuildPhase section */
		2AAC821D23FD6CAF003D3A77 /* Sources */ = {
			isa = PBXSourcesBuildPhase;
			buildActionMask = 2147483647;
			files = (
				2AAC822923FD6CAF003D3A77 /* ViewController.swift in Sources */,
				2AAC822523FD6CAF003D3A77 /* AppDelegate.swift in Sources */,
				2AAC822723FD6CAF003D3A77 /* SceneDelegate.swift in Sources */,
			);
			runOnlyForDeploymentPostprocessing = 0;
		};
/* End PBXSourcesBuildPhase section */

/* Begin PBXVariantGroup section */
		2AAC822A23FD6CAF003D3A77 /* Main.storyboard */ = {
			isa = PBXVariantGroup;
			children = (
				2AAC822B23FD6CAF003D3A77 /* Base */,
			);
			name = Main.storyboard;
			sourceTree = "<group>";
		};
		2AAC822F23FD6CB0003D3A77 /* LaunchScreen.storyboard */ = {
			isa = PBXVariantGroup;
			children = (
				2AAC823023FD6CB0003D3A77 /* Base */,
			);
			name = LaunchScreen.storyboard;
			sourceTree = "<group>";
		};
/* End PBXVariantGroup section */

/* Begin XCBuildConfiguration section */
		2AAC823323FD6CB0003D3A77 /* Debug */ = {
			isa = XCBuildConfiguration;
			buildSettings = {
				ALWAYS_SEARCH_USER_PATHS = NO;
				CLANG_ANALYZER_NONNULL = YES;
				CLANG_ANALYZER_NUMBER_OBJECT_CONVERSION = YES_AGGRESSIVE;
				CLANG_CXX_LANGUAGE_STANDARD = "gnu++14";
				CLANG_CXX_LIBRARY = "libc++";
				CLANG_ENABLE_MODULES = YES;
				CLANG_ENABLE_OBJC_ARC = YES;
				CLANG_ENABLE_OBJC_WEAK = YES;
				CLANG_WARN_BLOCK_CAPTURE_AUTORELEASING = YES;
				CLANG_WARN_BOOL_CONVERSION = YES;
				CLANG_WARN_COMMA = YES;
				CLANG_WARN_CONSTANT_CONVERSION = YES;
				CLANG_WARN_DEPRECATED_OBJC_IMPLEMENTATIONS = YES;
				CLANG_WARN_DIRECT_OBJC_ISA_USAGE = YES_ERROR;
				CLANG_WARN_DOCUMENTATION_COMMENTS = YES;
				CLANG_WARN_EMPTY_BODY = YES;
				CLANG_WARN_ENUM_CONVERSION = YES;
				CLANG_WARN_INFINITE_RECURSION = YES;
				CLANG_WARN_INT_CONVERSION = YES;
				CLANG_WARN_NON_LITERAL_NULL_CONVERSION = YES;
				CLANG_WARN_OBJC_IMPLICIT_RETAIN_SELF = YES;
				CLANG_WARN_OBJC_LITERAL_CONVERSION = YES;
				CLANG_WARN_OBJC_ROOT_CLASS = YES_ERROR;
				CLANG_WARN_RANGE_LOOP_ANALYSIS = YES;
				CLANG_WARN_STRICT_PROTOTYPES = YES;
				CLANG_WARN_SUSPICIOUS_MOVE = YES;
				CLANG_WARN_UNGUARDED_AVAILABILITY = YES_AGGRESSIVE;
				CLANG_WARN_UNREACHABLE_CODE = YES;
				CLANG_WARN__DUPLICATE_METHOD_MATCH = YES;
				COPY_PHASE_STRIP = NO;
				DEBUG_INFORMATION_FORMAT = dwarf;
				ENABLE_STRICT_OBJC_MSGSEND = YES;
				ENABLE_TESTABILITY = YES;
				GCC_C_LANGUAGE_STANDARD = gnu11;
				GCC_DYNAMIC_NO_PIC = NO;
				GCC_NO_COMMON_BLOCKS = YES;
				GCC_OPTIMIZATION_LEVEL = 0;
				GCC_PREPROCESSOR_DEFINITIONS = (
					"DEBUG=1",
					"$(inherited)",
				);
				GCC_WARN_64_TO_32_BIT_CONVERSION = YES;
				GCC_WARN_ABOUT_RETURN_TYPE = YES_ERROR;
				GCC_WARN_UNDECLARED_SELECTOR = YES;
				GCC_WARN_UNINITIALIZED_AUTOS = YES_AGGRESSIVE;
				GCC_WARN_UNUSED_FUNCTION = YES;
				GCC_WARN_UNUSED_VARIABLE = YES;
				IPHONEOS_DEPLOYMENT_TARGET = 13.2;
				MTL_ENABLE_DEBUG_INFO = INCLUDE_SOURCE;
				MTL_FAST_MATH = YES;
				ONLY_ACTIVE_ARCH = YES;
				SDKROOT = iphoneos;
				SWIFT_ACTIVE_COMPILATION_CONDITIONS = DEBUG;
				SWIFT_OPTIMIZATION_LEVEL = "-Onone";
			};
			name = Debug;
		};
		2AAC823423FD6CB0003D3A77 /* Release */ = {
			isa = XCBuildConfiguration;
			buildSettings = {
				ALWAYS_SEARCH_USER_PATHS = NO;
				CLANG_ANALYZER_NONNULL = YES;
				CLANG_ANALYZER_NUMBER_OBJECT_CONVERSION = YES_AGGRESSIVE;
				CLANG_CXX_LANGUAGE_STANDARD = "gnu++14";
				CLANG_CXX_LIBRARY = "libc++";
				CLANG_ENABLE_MODULES = YES;
				CLANG_ENABLE_OBJC_ARC = YES;
				CLANG_ENABLE_OBJC_WEAK = YES;
				CLANG_WARN_BLOCK_CAPTURE_AUTORELEASING = YES;
				CLANG_WARN_BOOL_CONVERSION = YES;
				CLANG_WARN_COMMA = YES;
				CLANG_WARN_CONSTANT_CONVERSION = YES;
				CLANG_WARN_DEPRECATED_OBJC_IMPLEMENTATIONS = YES;
				CLANG_WARN_DIRECT_OBJC_ISA_USAGE = YES_ERROR;
				CLANG_WARN_DOCUMENTATION_COMMENTS = YES;
				CLANG_WARN_EMPTY_BODY = YES;
				CLANG_WARN_ENUM_CONVERSION = YES;
				CLANG_WARN_INFINITE_RECURSION = YES;
				CLANG_WARN_INT_CONVERSION = YES;
				CLANG_WARN_NON_LITERAL_NULL_CONVERSION = YES;
				CLANG_WARN_OBJC_IMPLICIT_RETAIN_SELF = YES;
				CLANG_WARN_OBJC_LITERAL_CONVERSION = YES;
				CLANG_WARN_OBJC_ROOT_CLASS = YES_ERROR;
				CLANG_WARN_RANGE_LOOP_ANALYSIS = YES;
				CLANG_WARN_STRICT_PROTOTYPES = YES;
				CLANG_WARN_SUSPICIOUS_MOVE = YES;
				CLANG_WARN_UNGUARDED_AVAILABILITY = YES_AGGRESSIVE;
				CLANG_WARN_UNREACHABLE_CODE = YES;
				CLANG_WARN__DUPLICATE_METHOD_MATCH = YES;
				COPY_PHASE_STRIP = NO;
				DEBUG_INFORMATION_FORMAT = "dwarf-with-dsym";
				ENABLE_NS_ASSERTIONS = NO;
				ENABLE_STRICT_OBJC_MSGSEND = YES;
				GCC_C_LANGUAGE_STANDARD = gnu11;
				GCC_NO_COMMON_BLOCKS = YES;
				GCC_WARN_64_TO_32_BIT_CONVERSION = YES;
				GCC_WARN_ABOUT_RETURN_TYPE = YES_ERROR;
				GCC_WARN_UNDECLARED_SELECTOR = YES;
				GCC_WARN_UNINITIALIZED_AUTOS = YES_AGGRESSIVE;
				GCC_WARN_UNUSED_FUNCTION = YES;
				GCC_WARN_UNUSED_VARIABLE = YES;
				IPHONEOS_DEPLOYMENT_TARGET = 13.2;
				MTL_ENABLE_DEBUG_INFO = NO;
				MTL_FAST_MATH = YES;
				SDKROOT = iphoneos;
				SWIFT_COMPILATION_MODE = wholemodule;
				SWIFT_OPTIMIZATION_LEVEL = "-O";
				VALIDATE_PRODUCT = YES;
			};
			name = Release;
		};
		2AAC823623FD6CB0003D3A77 /* Debug */ = {
			isa = XCBuildConfiguration;
			buildSettings = {
				ASSETCATALOG_COMPILER_APPICON_NAME = AppIcon;
				CODE_SIGN_STYLE = Automatic;
				DEVELOPMENT_TEAM = KLBBQM3XLG;
				INFOPLIST_FILE = DataBase_Realm/Info.plist;
				LD_RUNPATH_SEARCH_PATHS = (
					"$(inherited)",
					"@executable_path/Frameworks",
				);
				PRODUCT_BUNDLE_IDENTIFIER = "liubachev.DataBase-Realm";
				PRODUCT_NAME = "$(TARGET_NAME)";
				SWIFT_VERSION = 5.0;
				TARGETED_DEVICE_FAMILY = "1,2";
			};
			name = Debug;
		};
		2AAC823723FD6CB0003D3A77 /* Release */ = {
			isa = XCBuildConfiguration;
			buildSettings = {
				ASSETCATALOG_COMPILER_APPICON_NAME = AppIcon;
				CODE_SIGN_STYLE = Automatic;
				DEVELOPMENT_TEAM = KLBBQM3XLG;
				INFOPLIST_FILE = DataBase_Realm/Info.plist;
				LD_RUNPATH_SEARCH_PATHS = (
					"$(inherited)",
					"@executable_path/Frameworks",
				);
				PRODUCT_BUNDLE_IDENTIFIER = "liubachev.DataBase-Realm";
				PRODUCT_NAME = "$(TARGET_NAME)";
				SWIFT_VERSION = 5.0;
				TARGETED_DEVICE_FAMILY = "1,2";
			};
			name = Release;
		};
/* End XCBuildConfiguration section */

/* Begin XCConfigurationList section */
		2AAC821C23FD6CAF003D3A77 /* Build configuration list for PBXProject "DataBase_Realm" */ = {
			isa = XCConfigurationList;
			buildConfigurations = (
				2AAC823323FD6CB0003D3A77 /* Debug */,
				2AAC823423FD6CB0003D3A77 /* Release */,
			);
			defaultConfigurationIsVisible = 0;
			defaultConfigurationName = Release;
		};
		2AAC823523FD6CB0003D3A77 /* Build configuration list for PBXNativeTarget "DataBase_Realm" */ = {
			isa = XCConfigurationList;
			buildConfigurations = (
				2AAC823623FD6CB0003D3A77 /* Debug */,
				2AAC823723FD6CB0003D3A77 /* Release */,
			);
			defaultConfigurationIsVisible = 0;
			defaultConfigurationName = Release;
		};
/* End XCConfigurationList section */
	};
	rootObject = 2AAC821923FD6CAF003D3A77 /* Project object */;
}
